
Microsoft Visual Studio Solution File, Format Version 12.00
# Visual Studio Version 16
VisualStudioVersion = 16.0.36422.26
MinimumVisualStudioVersion = 10.0.40219.1
Project("{2150E333-8FDC-42A3-9474-1A3956D46DE8}") = "Task0", "Task0", "{77E82A77-293F-4B2F-B3C3-4E53E44E6019}"
EndProject
Project("{FAE04EC0-301F-11D3-BF4B-00C04F79EFBC}") = "Tyuiu.ZvyaginaNY.Sprint0.Task0.V0", "Tyuiu.ZvyaginaNY.Sprint0.Task0.V0\Tyuiu.ZvyaginaNY.Sprint0.Task0.V0.csproj", "{A1283B1F-D687-459C-8D33-1B829367E4D9}"
EndProject
Project("{2150E333-8FDC-42A3-9474-1A3956D46DE8}") = "Task1", "Task1", "{2534B36A-AB5F-4885-80DC-D5A9A7422636}"
EndProject
Project("{FAE04EC0-301F-11D3-BF4B-00C04F79EFBC}") = "Tyuiu.ZvyaginaNY.Sprint0.Task1.V0", "Tyuiu.ZvyaginaNY.Sprint0.Task1.V0\Tyuiu.ZvyaginaNY.Sprint0.Task1.V0.csproj", "{D1DD3E05-011F-445E-9A2C-26F5E4D6F9BC}"
EndProject
Project("{2150E333-8FDC-42A3-9474-1A3956D46DE8}") = "Task2", "Task2", "{3CF4A9D7-0953-48AB-8BEF-C2262C543D37}"
EndProject
Project("{FAE04EC0-301F-11D3-BF4B-00C04F79EFBC}") = "Tyuiu.NzvyaginaNY.Sprint0.Task2.V0", "Tyuiu.NzvyaginaNY.Sprint0.Task2.V0\Tyuiu.NzvyaginaNY.Sprint0.Task2.V0.csproj", "{FE5E5D7A-2892-4E36-B11B-5726AC59C922}"
EndProject
Project("{FAE04EC0-301F-11D3-BF4B-00C04F79EFBC}") = "Tyuiu.ZvyaginaNY.Sprint0.Task2.V0.Lib", "Tyuiu.ZvyaginaNY.Sprint0.Task2.V0.Lib\Tyuiu.ZvyaginaNY.Sprint0.Task2.V0.Lib.csproj", "{5A50D16B-C06F-476D-AEE7-5F4B64824E58}"
EndProject
Project("{FAE04EC0-301F-11D3-BF4B-00C04F79EFBC}") = "Tyuiu.ZvyaginaNY.Sprint0.Task2.V0.Test", "Tyuiu.ZvyaginaNY.Sprint0.Task2.V0.Test\Tyuiu.ZvyaginaNY.Sprint0.Task2.V0.Test.csproj", "{CFF72B07-B0DC-4B68-83F1-5B36D7ED2AD8}"
EndProject
Global
	GlobalSection(SolutionConfigurationPlatforms) = preSolution
		Debug|Any CPU = Debug|Any CPU
		Release|Any CPU = Release|Any CPU
	EndGlobalSection
	GlobalSection(ProjectConfigurationPlatforms) = postSolution
		{A1283B1F-D687-459C-8D33-1B829367E4D9}.Debug|Any CPU.ActiveCfg = Debug|Any CPU
		{A1283B1F-D687-459C-8D33-1B829367E4D9}.Debug|Any CPU.Build.0 = Debug|Any CPU
		{A1283B1F-D687-459C-8D33-1B829367E4D9}.Release|Any CPU.ActiveCfg = Release|Any CPU
		{A1283B1F-D687-459C-8D33-1B829367E4D9}.Release|Any CPU.Build.0 = Release|Any CPU
		{D1DD3E05-011F-445E-9A2C-26F5E4D6F9BC}.Debug|Any CPU.ActiveCfg = Debug|Any CPU
		{D1DD3E05-011F-445E-9A2C-26F5E4D6F9BC}.Debug|Any CPU.Build.0 = Debug|Any CPU
		{D1DD3E05-011F-445E-9A2C-26F5E4D6F9BC}.Release|Any CPU.ActiveCfg = Release|Any CPU
		{D1DD3E05-011F-445E-9A2C-26F5E4D6F9BC}.Release|Any CPU.Build.0 = Release|Any CPU
		{FE5E5D7A-2892-4E36-B11B-5726AC59C922}.Debug|Any CPU.ActiveCfg = Debug|Any CPU
		{FE5E5D7A-2892-4E36-B11B-5726AC59C922}.Debug|Any CPU.Build.0 = Debug|Any CPU
		{FE5E5D7A-2892-4E36-B11B-5726AC59C922}.Release|Any CPU.ActiveCfg = Release|Any CPU
		{FE5E5D7A-2892-4E36-B11B-5726AC59C922}.Release|Any CPU.Build.0 = Release|Any CPU
		{5A50D16B-C06F-476D-AEE7-5F4B64824E58}.Debug|Any CPU.ActiveCfg = Debug|Any CPU
		{5A50D16B-C06F-476D-AEE7-5F4B64824E58}.Debug|Any CPU.Build.0 = Debug|Any CPU
		{5A50D16B-C06F-476D-AEE7-5F4B64824E58}.Release|Any CPU.ActiveCfg = Release|Any CPU
		{5A50D16B-C06F-476D-AEE7-5F4B64824E58}.Release|Any CPU.Build.0 = Release|Any CPU
		{CFF72B07-B0DC-4B68-83F1-5B36D7ED2AD8}.Debug|Any CPU.ActiveCfg = Debug|Any CPU
		{CFF72B07-B0DC-4B68-83F1-5B36D7ED2AD8}.Debug|Any CPU.Build.0 = Debug|Any CPU
		{CFF72B07-B0DC-4B68-83F1-5B36D7ED2AD8}.Release|Any CPU.ActiveCfg = Release|Any CPU
		{CFF72B07-B0DC-4B68-83F1-5B36D7ED2AD8}.Release|Any CPU.Build.0 = Release|Any CPU
	EndGlobalSection
	GlobalSection(SolutionProperties) = preSolution
		HideSolutionNode = FALSE
	EndGlobalSection
	GlobalSection(NestedProjects) = preSolution
		{A1283B1F-D687-459C-8D33-1B829367E4D9} = {77E82A77-293F-4B2F-B3C3-4E53E44E6019}
		{D1DD3E05-011F-445E-9A2C-26F5E4D6F9BC} = {2534B36A-AB5F-4885-80DC-D5A9A7422636}
		{FE5E5D7A-2892-4E36-B11B-5726AC59C922} = {3CF4A9D7-0953-48AB-8BEF-C2262C543D37}
		{5A50D16B-C06F-476D-AEE7-5F4B64824E58} = {3CF4A9D7-0953-48AB-8BEF-C2262C543D37}
		{CFF72B07-B0DC-4B68-83F1-5B36D7ED2AD8} = {3CF4A9D7-0953-48AB-8BEF-C2262C543D37}
	EndGlobalSection
	GlobalSection(ExtensibilityGlobals) = postSolution
		SolutionGuid = {A3A7842B-F8D5-4513-B79E-EB586BAEF00A}
	EndGlobalSection
EndGlobal
